{
  "name": "test",
  "lockfileVersion": 2,
  "requires": true,
  "packages": {
    "": {
      "dependencies": {
        "sarahzw-frame-print": "^1.0.0"
      }
    },
    "node_modules/sarahzw-frame-print": {
      "version": "1.0.0",
      "resolved": "https://registry.npmjs.org/sarahzw-frame-print/-/sarahzw-frame-print-1.0.0.tgz",
      "integrity": "sha512-/gnEl3iVcGrW/us9dueIfF/onxVM8HRg7YxB+4mORycc//Lla3xsE6DaFKwMn8rfcz1+ngXMYVT4cHcpMaSbyA=="
    }
  },
  "dependencies": {
    "sarahzw-frame-print": {
      "version": "1.0.0",
      "resolved": "https://registry.npmjs.org/sarahzw-frame-print/-/sarahzw-frame-print-1.0.0.tgz",
      "integrity": "sha512-/gnEl3iVcGrW/us9dueIfF/onxVM8HRg7YxB+4mORycc//Lla3xsE6DaFKwMn8rfcz1+ngXMYVT4cHcpMaSbyA=="
    }
  }
}
